
Microsoft Visual Studio Solution File, Format Version 12.00
# Visual Studio 2012
Project("{FAE04EC0-301F-11D3-BF4B-00C04F79EFBC}") = "ABC_PhoneSystem", "ABC_PhoneSystem\ABC_PhoneSystem.csproj", "{D3825B46-C989-4669-830B-14F0218D0228}"
EndProject
Global
	GlobalSection(SolutionConfigurationPlatforms) = preSolution
		Debug|Any CPU = Debug|Any CPU
		Release|Any CPU = Release|Any CPU
	EndGlobalSection
	GlobalSection(ProjectConfigurationPlatforms) = postSolution
		{D3825B46-C989-4669-830B-14F0218D0228}.Debug|Any CPU.ActiveCfg = Debug|Any CPU
		{D3825B46-C989-4669-830B-14F0218D0228}.Debug|Any CPU.Build.0 = Debug|Any CPU
		{D3825B46-C989-4669-830B-14F0218D0228}.Release|Any CPU.ActiveCfg = Release|Any CPU
		{D3825B46-C989-4669-830B-14F0218D0228}.Release|Any CPU.Build.0 = Release|Any CPU
	EndGlobalSection
	GlobalSection(SolutionProperties) = preSolution
		HideSolutionNode = FALSE
	EndGlobalSection
EndGlobal
